
Microsoft Visual Studio Solution File, Format Version 12.00
# Visual Studio Version 17
VisualStudioVersion = 17.14.36717.8
MinimumVisualStudioVersion = 10.0.40219.1
Project("{FAE04EC0-301F-11D3-BF4B-00C04F79EFBC}") = "20251203Practice", "20251203Practice.csproj", "{910FC3D2-C52D-49E2-AA5E-2705CB13F3F5}"
EndProject
Project("{2150E333-8FDC-42A3-9474-1A3956D46DE8}") = "솔루션 항목", "솔루션 항목", "{2A3A057F-5D22-31FD-628C-DF5EF75AEF1E}"
	ProjectSection(SolutionItems) = preProject
		OOP.cs = OOP.cs
	EndProjectSection
EndProject
Global
	GlobalSection(SolutionConfigurationPlatforms) = preSolution
		Debug|Any CPU = Debug|Any CPU
		Release|Any CPU = Release|Any CPU
	EndGlobalSection
	GlobalSection(ProjectConfigurationPlatforms) = postSolution
		{910FC3D2-C52D-49E2-AA5E-2705CB13F3F5}.Debug|Any CPU.ActiveCfg = Debug|Any CPU
		{910FC3D2-C52D-49E2-AA5E-2705CB13F3F5}.Debug|Any CPU.Build.0 = Debug|Any CPU
		{910FC3D2-C52D-49E2-AA5E-2705CB13F3F5}.Release|Any CPU.ActiveCfg = Release|Any CPU
		{910FC3D2-C52D-49E2-AA5E-2705CB13F3F5}.Release|Any CPU.Build.0 = Release|Any CPU
	EndGlobalSection
	GlobalSection(SolutionProperties) = preSolution
		HideSolutionNode = FALSE
	EndGlobalSection
	GlobalSection(ExtensibilityGlobals) = postSolution
		SolutionGuid = {19EC71C7-842D-47A6-96AD-4B5696DDE402}
	EndGlobalSection
EndGlobal
