
Microsoft Visual Studio Solution File, Format Version 12.00
# Visual Studio Version 17
VisualStudioVersion = 17.14.36717.8 d17.14
MinimumVisualStudioVersion = 10.0.40219.1
Project("{FAE04EC0-301F-11D3-BF4B-00C04F79EFBC}") = "Practice251218", "Practice251218.csproj", "{3469E92D-6F7F-4CDD-8F53-58730181F11D}"
EndProject
Global
	GlobalSection(SolutionConfigurationPlatforms) = preSolution
		Debug|Any CPU = Debug|Any CPU
		Release|Any CPU = Release|Any CPU
	EndGlobalSection
	GlobalSection(ProjectConfigurationPlatforms) = postSolution
		{3469E92D-6F7F-4CDD-8F53-58730181F11D}.Debug|Any CPU.ActiveCfg = Debug|Any CPU
		{3469E92D-6F7F-4CDD-8F53-58730181F11D}.Debug|Any CPU.Build.0 = Debug|Any CPU
		{3469E92D-6F7F-4CDD-8F53-58730181F11D}.Release|Any CPU.ActiveCfg = Release|Any CPU
		{3469E92D-6F7F-4CDD-8F53-58730181F11D}.Release|Any CPU.Build.0 = Release|Any CPU
	EndGlobalSection
	GlobalSection(SolutionProperties) = preSolution
		HideSolutionNode = FALSE
	EndGlobalSection
	GlobalSection(ExtensibilityGlobals) = postSolution
		SolutionGuid = {0983551E-C10B-4518-97C3-58B17E4E3002}
	EndGlobalSection
EndGlobal
