
Microsoft Visual Studio Solution File, Format Version 12.00
# Visual Studio Version 17
VisualStudioVersion = 17.14.36717.8 d17.14
MinimumVisualStudioVersion = 10.0.40219.1
Project("{FAE04EC0-301F-11D3-BF4B-00C04F79EFBC}") = "Practice20251205", "Practice20251205.csproj", "{1459D554-10EA-4D3F-859A-AECAB0015485}"
EndProject
Global
	GlobalSection(SolutionConfigurationPlatforms) = preSolution
		Debug|Any CPU = Debug|Any CPU
		Release|Any CPU = Release|Any CPU
	EndGlobalSection
	GlobalSection(ProjectConfigurationPlatforms) = postSolution
		{1459D554-10EA-4D3F-859A-AECAB0015485}.Debug|Any CPU.ActiveCfg = Debug|Any CPU
		{1459D554-10EA-4D3F-859A-AECAB0015485}.Debug|Any CPU.Build.0 = Debug|Any CPU
		{1459D554-10EA-4D3F-859A-AECAB0015485}.Release|Any CPU.ActiveCfg = Release|Any CPU
		{1459D554-10EA-4D3F-859A-AECAB0015485}.Release|Any CPU.Build.0 = Release|Any CPU
	EndGlobalSection
	GlobalSection(SolutionProperties) = preSolution
		HideSolutionNode = FALSE
	EndGlobalSection
	GlobalSection(ExtensibilityGlobals) = postSolution
		SolutionGuid = {FF9E5FFB-5FB1-4575-A682-5A814535C6FD}
	EndGlobalSection
EndGlobal
